// !$*UTF8*$!
{
	archiveVersion = 1;
	classes = {
	};
	objectVersion = 56;
	objects = {

/* Begin PBXBuildFile section */
		842FE4072A901054008855B7 /* ToDoListApp.swift in Sources */ = {isa = PBXBuildFile; fileRef = 842FE4062A901054008855B7 /* ToDoListApp.swift */; };
		842FE4092A901054008855B7 /* MainView.swift in Sources */ = {isa = PBXBuildFile; fileRef = 842FE4082A901054008855B7 /* MainView.swift */; };
		842FE40B2A901056008855B7 /* Assets.xcassets in Resources */ = {isa = PBXBuildFile; fileRef = 842FE40A2A901056008855B7 /* Assets.xcassets */; };
		842FE40E2A901056008855B7 /* Preview Assets.xcassets in Resources */ = {isa = PBXBuildFile; fileRef = 842FE40D2A901056008855B7 /* Preview Assets.xcassets */; };
		842FE4172A9014F0008855B7 /* GoogleService-Info.plist in Resources */ = {isa = PBXBuildFile; fileRef = 842FE4162A9014EF008855B7 /* GoogleService-Info.plist */; };
		84407CD42A9B23F30012B7FB /* FirebaseAuth in Frameworks */ = {isa = PBXBuildFile; productRef = 84407CD32A9B23F30012B7FB /* FirebaseAuth */; };
		84407CD62A9B29E50012B7FB /* Extensions.swift in Sources */ = {isa = PBXBuildFile; fileRef = 84407CD52A9B29E50012B7FB /* Extensions.swift */; };
		84A5DF762A924F3B00547BD5 /* FirebaseFirestore in Frameworks */ = {isa = PBXBuildFile; productRef = 84A5DF752A924F3B00547BD5 /* FirebaseFirestore */; };
		84A5DF782A924F3B00547BD5 /* FirebaseFirestoreCombine-Community in Frameworks */ = {isa = PBXBuildFile; productRef = 84A5DF772A924F3B00547BD5 /* FirebaseFirestoreCombine-Community */; };
		84A5DF7A2A924F3B00547BD5 /* FirebaseFirestoreSwift in Frameworks */ = {isa = PBXBuildFile; productRef = 84A5DF792A924F3B00547BD5 /* FirebaseFirestoreSwift */; };
		84A5DF802A92532C00547BD5 /* ProfileView.swift in Sources */ = {isa = PBXBuildFile; fileRef = 84A5DF7F2A92532C00547BD5 /* ProfileView.swift */; };
		84A5DF822A92536C00547BD5 /* LoginView.swift in Sources */ = {isa = PBXBuildFile; fileRef = 84A5DF812A92536C00547BD5 /* LoginView.swift */; };
		84A5DF842A92537D00547BD5 /* RegisterView.swift in Sources */ = {isa = PBXBuildFile; fileRef = 84A5DF832A92537D00547BD5 /* RegisterView.swift */; };
		84A5DF862A92539500547BD5 /* ToDoListView.swift in Sources */ = {isa = PBXBuildFile; fileRef = 84A5DF852A92539500547BD5 /* ToDoListView.swift */; };
		84A5DF882A9253A900547BD5 /* NewItemView.swift in Sources */ = {isa = PBXBuildFile; fileRef = 84A5DF872A9253A900547BD5 /* NewItemView.swift */; };
		84A5DF8A2A9253EA00547BD5 /* ToDoListitemView.swift in Sources */ = {isa = PBXBuildFile; fileRef = 84A5DF892A9253EA00547BD5 /* ToDoListitemView.swift */; };
		84A5DF8C2A9254E400547BD5 /* User.swift in Sources */ = {isa = PBXBuildFile; fileRef = 84A5DF8B2A9254E400547BD5 /* User.swift */; };
		84A5DF8E2A92579500547BD5 /* ToDoListitem.swift in Sources */ = {isa = PBXBuildFile; fileRef = 84A5DF8D2A92579500547BD5 /* ToDoListitem.swift */; };
		84A5DF902A9257AE00547BD5 /* MainViewViewModel.swift in Sources */ = {isa = PBXBuildFile; fileRef = 84A5DF8F2A9257AE00547BD5 /* MainViewViewModel.swift */; };
		84A5DF922A9257F700547BD5 /* ProfileViewViewModel.swift in Sources */ = {isa = PBXBuildFile; fileRef = 84A5DF912A9257F700547BD5 /* ProfileViewViewModel.swift */; };
		84A5DF942A92580B00547BD5 /* ToDoListViewViewModel.swift in Sources */ = {isa = PBXBuildFile; fileRef = 84A5DF932A92580B00547BD5 /* ToDoListViewViewModel.swift */; };
		84A5DF962A92582300547BD5 /* NewitemViewViewModel.swift in Sources */ = {isa = PBXBuildFile; fileRef = 84A5DF952A92582300547BD5 /* NewitemViewViewModel.swift */; };
		84A5DF982A92583100547BD5 /* LoginViewViewModel.swift in Sources */ = {isa = PBXBuildFile; fileRef = 84A5DF972A92583100547BD5 /* LoginViewViewModel.swift */; };
		84A5DF9A2A92583E00547BD5 /* RegisterViewViewModel.swift in Sources */ = {isa = PBXBuildFile; fileRef = 84A5DF992A92583E00547BD5 /* RegisterViewViewModel.swift */; };
		84A5DF9C2A92586800547BD5 /* ToDoListitemViewViewModel.swift in Sources */ = {isa = PBXBuildFile; fileRef = 84A5DF9B2A92586800547BD5 /* ToDoListitemViewViewModel.swift */; };
		84A5DF9E2A925D2100547BD5 /* HeaderView.swift in Sources */ = {isa = PBXBuildFile; fileRef = 84A5DF9D2A925D2100547BD5 /* HeaderView.swift */; };
		84A5DFA02A92887700547BD5 /* TLButton.swift in Sources */ = {isa = PBXBuildFile; fileRef = 84A5DF9F2A92887700547BD5 /* TLButton.swift */; };
/* End PBXBuildFile section */

/* Begin PBXFileReference section */
		842FE4032A901054008855B7 /* ToDoList.app */ = {isa = PBXFileReference; explicitFileType = wrapper.application; includeInIndex = 0; path = ToDoList.app; sourceTree = BUILT_PRODUCTS_DIR; };
		842FE4062A901054008855B7 /* ToDoListApp.swift */ = {isa = PBXFileReference; lastKnownFileType = sourcecode.swift; path = ToDoListApp.swift; sourceTree = "<group>"; };
		842FE4082A901054008855B7 /* MainView.swift */ = {isa = PBXFileReference; lastKnownFileType = sourcecode.swift; path = MainView.swift; sourceTree = "<group>"; };
		842FE40A2A901056008855B7 /* Assets.xcassets */ = {isa = PBXFileReference; lastKnownFileType = folder.assetcatalog; path = Assets.xcassets; sourceTree = "<group>"; };
		842FE40D2A901056008855B7 /* Preview Assets.xcassets */ = {isa = PBXFileReference; lastKnownFileType = folder.assetcatalog; path = "Preview Assets.xcassets"; sourceTree = "<group>"; };
		842FE4162A9014EF008855B7 /* GoogleService-Info.plist */ = {isa = PBXFileReference; fileEncoding = 4; lastKnownFileType = text.plist.xml; path = "GoogleService-Info.plist"; sourceTree = "<group>"; };
		84407CD52A9B29E50012B7FB /* Extensions.swift */ = {isa = PBXFileReference; lastKnownFileType = sourcecode.swift; path = Extensions.swift; sourceTree = "<group>"; };
		84A5DF7F2A92532C00547BD5 /* ProfileView.swift */ = {isa = PBXFileReference; lastKnownFileType = sourcecode.swift; path = ProfileView.swift; sourceTree = "<group>"; };
		84A5DF812A92536C00547BD5 /* LoginView.swift */ = {isa = PBXFileReference; lastKnownFileType = sourcecode.swift; path = LoginView.swift; sourceTree = "<group>"; };
		84A5DF832A92537D00547BD5 /* RegisterView.swift */ = {isa = PBXFileReference; lastKnownFileType = sourcecode.swift; path = RegisterView.swift; sourceTree = "<group>"; };
		84A5DF852A92539500547BD5 /* ToDoListView.swift */ = {isa = PBXFileReference; lastKnownFileType = sourcecode.swift; path = ToDoListView.swift; sourceTree = "<group>"; };
		84A5DF872A9253A900547BD5 /* NewItemView.swift */ = {isa = PBXFileReference; lastKnownFileType = sourcecode.swift; path = NewItemView.swift; sourceTree = "<group>"; };
		84A5DF892A9253EA00547BD5 /* ToDoListitemView.swift */ = {isa = PBXFileReference; lastKnownFileType = sourcecode.swift; path = ToDoListitemView.swift; sourceTree = "<group>"; };
		84A5DF8B2A9254E400547BD5 /* User.swift */ = {isa = PBXFileReference; lastKnownFileType = sourcecode.swift; path = User.swift; sourceTree = "<group>"; };
		84A5DF8D2A92579500547BD5 /* ToDoListitem.swift */ = {isa = PBXFileReference; lastKnownFileType = sourcecode.swift; path = ToDoListitem.swift; sourceTree = "<group>"; };
		84A5DF8F2A9257AE00547BD5 /* MainViewViewModel.swift */ = {isa = PBXFileReference; lastKnownFileType = sourcecode.swift; path = MainViewViewModel.swift; sourceTree = "<group>"; };
		84A5DF912A9257F700547BD5 /* ProfileViewViewModel.swift */ = {isa = PBXFileReference; lastKnownFileType = sourcecode.swift; path = ProfileViewViewModel.swift; sourceTree = "<group>"; };
		84A5DF932A92580B00547BD5 /* ToDoListViewViewModel.swift */ = {isa = PBXFileReference; lastKnownFileType = sourcecode.swift; path = ToDoListViewViewModel.swift; sourceTree = "<group>"; };
		84A5DF952A92582300547BD5 /* NewitemViewViewModel.swift */ = {isa = PBXFileReference; lastKnownFileType = sourcecode.swift; path = NewitemViewViewModel.swift; sourceTree = "<group>"; };
		84A5DF972A92583100547BD5 /* LoginViewViewModel.swift */ = {isa = PBXFileReference; lastKnownFileType = sourcecode.swift; path = LoginViewViewModel.swift; sourceTree = "<group>"; };
		84A5DF992A92583E00547BD5 /* RegisterViewViewModel.swift */ = {isa = PBXFileReference; lastKnownFileType = sourcecode.swift; path = RegisterViewViewModel.swift; sourceTree = "<group>"; };
		84A5DF9B2A92586800547BD5 /* ToDoListitemViewViewModel.swift */ = {isa = PBXFileReference; lastKnownFileType = sourcecode.swift; path = ToDoListitemViewViewModel.swift; sourceTree = "<group>"; };
		84A5DF9D2A925D2100547BD5 /* HeaderView.swift */ = {isa = PBXFileReference; lastKnownFileType = sourcecode.swift; path = HeaderView.swift; sourceTree = "<group>"; };
		84A5DF9F2A92887700547BD5 /* TLButton.swift */ = {isa = PBXFileReference; lastKnownFileType = sourcecode.swift; path = TLButton.swift; sourceTree = "<group>"; };
/* End PBXFileReference section */

/* Begin PBXFrameworksBuildPhase section */
		842FE4002A901054008855B7 /* Frameworks */ = {
			isa = PBXFrameworksBuildPhase;
			buildActionMask = 2147483647;
			files = (
				84A5DF762A924F3B00547BD5 /* FirebaseFirestore in Frameworks */,
				84A5DF782A924F3B00547BD5 /* FirebaseFirestoreCombine-Community in Frameworks */,
				84A5DF7A2A924F3B00547BD5 /* FirebaseFirestoreSwift in Frameworks */,
				84407CD42A9B23F30012B7FB /* FirebaseAuth in Frameworks */,
			);
			runOnlyForDeploymentPostprocessing = 0;
		};
/* End PBXFrameworksBuildPhase section */

/* Begin PBXGroup section */
		842FE3FA2A901054008855B7 = {
			isa = PBXGroup;
			children = (
				842FE4052A901054008855B7 /* ToDoList */,
				842FE4042A901054008855B7 /* Products */,
				84A5DF742A924F3B00547BD5 /* Frameworks */,
			);
			sourceTree = "<group>";
		};
		842FE4042A901054008855B7 /* Products */ = {
			isa = PBXGroup;
			children = (
				842FE4032A901054008855B7 /* ToDoList.app */,
			);
			name = Products;
			sourceTree = "<group>";
		};
		842FE4052A901054008855B7 /* ToDoList */ = {
			isa = PBXGroup;
			children = (
				84A5DF7E2A92519400547BD5 /* Others */,
				84A5DF7D2A9250EF00547BD5 /* Models */,
				84A5DF7C2A92502A00547BD5 /* ViewModels */,
				84A5DF7B2A92501A00547BD5 /* Views */,
				842FE40C2A901056008855B7 /* Preview Content */,
			);
			path = ToDoList;
			sourceTree = "<group>";
		};
		842FE40C2A901056008855B7 /* Preview Content */ = {
			isa = PBXGroup;
			children = (
				842FE40D2A901056008855B7 /* Preview Assets.xcassets */,
			);
			path = "Preview Content";
			sourceTree = "<group>";
		};
		84A5DF742A924F3B00547BD5 /* Frameworks */ = {
			isa = PBXGroup;
			children = (
			);
			name = Frameworks;
			sourceTree = "<group>";
		};
		84A5DF7B2A92501A00547BD5 /* Views */ = {
			isa = PBXGroup;
			children = (
				842FE4082A901054008855B7 /* MainView.swift */,
				84A5DF7F2A92532C00547BD5 /* ProfileView.swift */,
				84A5DF812A92536C00547BD5 /* LoginView.swift */,
				84A5DF832A92537D00547BD5 /* RegisterView.swift */,
				84A5DF852A92539500547BD5 /* ToDoListView.swift */,
				84A5DF872A9253A900547BD5 /* NewItemView.swift */,
				84A5DF892A9253EA00547BD5 /* ToDoListitemView.swift */,
				84A5DF9D2A925D2100547BD5 /* HeaderView.swift */,
				84A5DF9F2A92887700547BD5 /* TLButton.swift */,
			);
			path = Views;
			sourceTree = "<group>";
		};
		84A5DF7C2A92502A00547BD5 /* ViewModels */ = {
			isa = PBXGroup;
			children = (
				84A5DF8F2A9257AE00547BD5 /* MainViewViewModel.swift */,
				84A5DF912A9257F700547BD5 /* ProfileViewViewModel.swift */,
				84A5DF932A92580B00547BD5 /* ToDoListViewViewModel.swift */,
				84A5DF952A92582300547BD5 /* NewitemViewViewModel.swift */,
				84A5DF972A92583100547BD5 /* LoginViewViewModel.swift */,
				84A5DF992A92583E00547BD5 /* RegisterViewViewModel.swift */,
				84A5DF9B2A92586800547BD5 /* ToDoListitemViewViewModel.swift */,
			);
			path = ViewModels;
			sourceTree = "<group>";
		};
		84A5DF7D2A9250EF00547BD5 /* Models */ = {
			isa = PBXGroup;
			children = (
				84A5DF8B2A9254E400547BD5 /* User.swift */,
				84A5DF8D2A92579500547BD5 /* ToDoListitem.swift */,
			);
			path = Models;
			sourceTree = "<group>";
		};
		84A5DF7E2A92519400547BD5 /* Others */ = {
			isa = PBXGroup;
			children = (
				842FE40A2A901056008855B7 /* Assets.xcassets */,
				842FE4062A901054008855B7 /* ToDoListApp.swift */,
				842FE4162A9014EF008855B7 /* GoogleService-Info.plist */,
				84407CD52A9B29E50012B7FB /* Extensions.swift */,
			);
			path = Others;
			sourceTree = "<group>";
		};
/* End PBXGroup section */

/* Begin PBXNativeTarget section */
		842FE4022A901054008855B7 /* ToDoList */ = {
			isa = PBXNativeTarget;
			buildConfigurationList = 842FE4112A901056008855B7 /* Build configuration list for PBXNativeTarget "ToDoList" */;
			buildPhases = (
				842FE3FF2A901054008855B7 /* Sources */,
				842FE4002A901054008855B7 /* Frameworks */,
				842FE4012A901054008855B7 /* Resources */,
			);
			buildRules = (
			);
			dependencies = (
				84407CD22A9B23D60012B7FB /* PBXTargetDependency */,
			);
			name = ToDoList;
			packageProductDependencies = (
				84A5DF752A924F3B00547BD5 /* FirebaseFirestore */,
				84A5DF772A924F3B00547BD5 /* FirebaseFirestoreCombine-Community */,
				84A5DF792A924F3B00547BD5 /* FirebaseFirestoreSwift */,
				84407CD32A9B23F30012B7FB /* FirebaseAuth */,
			);
			productName = ToDoList;
			productReference = 842FE4032A901054008855B7 /* ToDoList.app */;
			productType = "com.apple.product-type.application";
		};
/* End PBXNativeTarget section */

/* Begin PBXProject section */
		842FE3FB2A901054008855B7 /* Project object */ = {
			isa = PBXProject;
			attributes = {
				BuildIndependentTargetsInParallel = 1;
				LastSwiftUpdateCheck = 1430;
				LastUpgradeCheck = 1430;
				TargetAttributes = {
					842FE4022A901054008855B7 = {
						CreatedOnToolsVersion = 14.3.1;
					};
				};
			};
			buildConfigurationList = 842FE3FE2A901054008855B7 /* Build configuration list for PBXProject "ToDoList" */;
			compatibilityVersion = "Xcode 14.0";
			developmentRegion = en;
			hasScannedForEncodings = 0;
			knownRegions = (
				en,
				Base,
			);
			mainGroup = 842FE3FA2A901054008855B7;
			packageReferences = (
				842FE4182A9016B0008855B7 /* XCRemoteSwiftPackageReference "firebase-ios-sdk" */,
			);
			productRefGroup = 842FE4042A901054008855B7 /* Products */;
			projectDirPath = "";
			projectRoot = "";
			targets = (
				842FE4022A901054008855B7 /* ToDoList */,
			);
		};
/* End PBXProject section */

/* Begin PBXResourcesBuildPhase section */
		842FE4012A901054008855B7 /* Resources */ = {
			isa = PBXResourcesBuildPhase;
			buildActionMask = 2147483647;
			files = (
				842FE40E2A901056008855B7 /* Preview Assets.xcassets in Resources */,
				842FE40B2A901056008855B7 /* Assets.xcassets in Resources */,
				842FE4172A9014F0008855B7 /* GoogleService-Info.plist in Resources */,
			);
			runOnlyForDeploymentPostprocessing = 0;
		};
/* End PBXResourcesBuildPhase section */

/* Begin PBXSourcesBuildPhase section */
		842FE3FF2A901054008855B7 /* Sources */ = {
			isa = PBXSourcesBuildPhase;
			buildActionMask = 2147483647;
			files = (
				842FE4092A901054008855B7 /* MainView.swift in Sources */,
				84A5DF9E2A925D2100547BD5 /* HeaderView.swift in Sources */,
				84A5DF862A92539500547BD5 /* ToDoListView.swift in Sources */,
				84A5DF9A2A92583E00547BD5 /* RegisterViewViewModel.swift in Sources */,
				84A5DF902A9257AE00547BD5 /* MainViewViewModel.swift in Sources */,
				84A5DF882A9253A900547BD5 /* NewItemView.swift in Sources */,
				84A5DF842A92537D00547BD5 /* RegisterView.swift in Sources */,
				84A5DFA02A92887700547BD5 /* TLButton.swift in Sources */,
				84A5DF922A9257F700547BD5 /* ProfileViewViewModel.swift in Sources */,
				84A5DF8E2A92579500547BD5 /* ToDoListitem.swift in Sources */,
				84A5DF802A92532C00547BD5 /* ProfileView.swift in Sources */,
				84A5DF8C2A9254E400547BD5 /* User.swift in Sources */,
				84A5DF942A92580B00547BD5 /* ToDoListViewViewModel.swift in Sources */,
				84A5DF982A92583100547BD5 /* LoginViewViewModel.swift in Sources */,
				84A5DF8A2A9253EA00547BD5 /* ToDoListitemView.swift in Sources */,
				84407CD62A9B29E50012B7FB /* Extensions.swift in Sources */,
				84A5DF9C2A92586800547BD5 /* ToDoListitemViewViewModel.swift in Sources */,
				84A5DF962A92582300547BD5 /* NewitemViewViewModel.swift in Sources */,
				84A5DF822A92536C00547BD5 /* LoginView.swift in Sources */,
				842FE4072A901054008855B7 /* ToDoListApp.swift in Sources */,
			);
			runOnlyForDeploymentPostprocessing = 0;
		};
/* End PBXSourcesBuildPhase section */

/* Begin PBXTargetDependency section */
		84407CD22A9B23D60012B7FB /* PBXTargetDependency */ = {
			isa = PBXTargetDependency;
			productRef = 84407CD12A9B23D60012B7FB /* FirebaseAuth */;
		};
/* End PBXTargetDependency section */

/* Begin XCBuildConfiguration section */
		842FE40F2A901056008855B7 /* Debug */ = {
			isa = XCBuildConfiguration;
			buildSettings = {
				ALWAYS_SEARCH_USER_PATHS = NO;
				CLANG_ANALYZER_NONNULL = YES;
				CLANG_ANALYZER_NUMBER_OBJECT_CONVERSION = YES_AGGRESSIVE;
				CLANG_CXX_LANGUAGE_STANDARD = "gnu++20";
				CLANG_ENABLE_MODULES = YES;
				CLANG_ENABLE_OBJC_ARC = YES;
				CLANG_ENABLE_OBJC_WEAK = YES;
				CLANG_WARN_BLOCK_CAPTURE_AUTORELEASING = YES;
				CLANG_WARN_BOOL_CONVERSION = YES;
				CLANG_WARN_COMMA = YES;
				CLANG_WARN_CONSTANT_CONVERSION = YES;
				CLANG_WARN_DEPRECATED_OBJC_IMPLEMENTATIONS = YES;
				CLANG_WARN_DIRECT_OBJC_ISA_USAGE = YES_ERROR;
				CLANG_WARN_DOCUMENTATION_COMMENTS = YES;
				CLANG_WARN_EMPTY_BODY = YES;
				CLANG_WARN_ENUM_CONVERSION = YES;
				CLANG_WARN_INFINITE_RECURSION = YES;
				CLANG_WARN_INT_CONVERSION = YES;
				CLANG_WARN_NON_LITERAL_NULL_CONVERSION = YES;
				CLANG_WARN_OBJC_IMPLICIT_RETAIN_SELF = YES;
				CLANG_WARN_OBJC_LITERAL_CONVERSION = YES;
				CLANG_WARN_OBJC_ROOT_CLASS = YES_ERROR;
				CLANG_WARN_QUOTED_INCLUDE_IN_FRAMEWORK_HEADER = YES;
				CLANG_WARN_RANGE_LOOP_ANALYSIS = YES;
				CLANG_WARN_STRICT_PROTOTYPES = YES;
				CLANG_WARN_SUSPICIOUS_MOVE = YES;
				CLANG_WARN_UNGUARDED_AVAILABILITY = YES_AGGRESSIVE;
				CLANG_WARN_UNREACHABLE_CODE = YES;
				CLANG_WARN__DUPLICATE_METHOD_MATCH = YES;
				COPY_PHASE_STRIP = NO;
				DEBUG_INFORMATION_FORMAT = dwarf;
				ENABLE_STRICT_OBJC_MSGSEND = YES;
				ENABLE_TESTABILITY = YES;
				GCC_C_LANGUAGE_STANDARD = gnu11;
				GCC_DYNAMIC_NO_PIC = NO;
				GCC_NO_COMMON_BLOCKS = YES;
				GCC_OPTIMIZATION_LEVEL = 0;
				GCC_PREPROCESSOR_DEFINITIONS = (
					"DEBUG=1",
					"$(inherited)",
				);
				GCC_WARN_64_TO_32_BIT_CONVERSION = YES;
				GCC_WARN_ABOUT_RETURN_TYPE = YES_ERROR;
				GCC_WARN_UNDECLARED_SELECTOR = YES;
				GCC_WARN_UNINITIALIZED_AUTOS = YES_AGGRESSIVE;
				GCC_WARN_UNUSED_FUNCTION = YES;
				GCC_WARN_UNUSED_VARIABLE = YES;
				IPHONEOS_DEPLOYMENT_TARGET = 16.4;
				MTL_ENABLE_DEBUG_INFO = INCLUDE_SOURCE;
				MTL_FAST_MATH = YES;
				ONLY_ACTIVE_ARCH = YES;
				SDKROOT = iphoneos;
				SWIFT_ACTIVE_COMPILATION_CONDITIONS = DEBUG;
				SWIFT_OPTIMIZATION_LEVEL = "-Onone";
			};
			name = Debug;
		};
		842FE4102A901056008855B7 /* Release */ = {
			isa = XCBuildConfiguration;
			buildSettings = {
				ALWAYS_SEARCH_USER_PATHS = NO;
				CLANG_ANALYZER_NONNULL = YES;
				CLANG_ANALYZER_NUMBER_OBJECT_CONVERSION = YES_AGGRESSIVE;
				CLANG_CXX_LANGUAGE_STANDARD = "gnu++20";
				CLANG_ENABLE_MODULES = YES;
				CLANG_ENABLE_OBJC_ARC = YES;
				CLANG_ENABLE_OBJC_WEAK = YES;
				CLANG_WARN_BLOCK_CAPTURE_AUTORELEASING = YES;
				CLANG_WARN_BOOL_CONVERSION = YES;
				CLANG_WARN_COMMA = YES;
				CLANG_WARN_CONSTANT_CONVERSION = YES;
				CLANG_WARN_DEPRECATED_OBJC_IMPLEMENTATIONS = YES;
				CLANG_WARN_DIRECT_OBJC_ISA_USAGE = YES_ERROR;
				CLANG_WARN_DOCUMENTATION_COMMENTS = YES;
				CLANG_WARN_EMPTY_BODY = YES;
				CLANG_WARN_ENUM_CONVERSION = YES;
				CLANG_WARN_INFINITE_RECURSION = YES;
				CLANG_WARN_INT_CONVERSION = YES;
				CLANG_WARN_NON_LITERAL_NULL_CONVERSION = YES;
				CLANG_WARN_OBJC_IMPLICIT_RETAIN_SELF = YES;
				CLANG_WARN_OBJC_LITERAL_CONVERSION = YES;
				CLANG_WARN_OBJC_ROOT_CLASS = YES_ERROR;
				CLANG_WARN_QUOTED_INCLUDE_IN_FRAMEWORK_HEADER = YES;
				CLANG_WARN_RANGE_LOOP_ANALYSIS = YES;
				CLANG_WARN_STRICT_PROTOTYPES = YES;
				CLANG_WARN_SUSPICIOUS_MOVE = YES;
				CLANG_WARN_UNGUARDED_AVAILABILITY = YES_AGGRESSIVE;
				CLANG_WARN_UNREACHABLE_CODE = YES;
				CLANG_WARN__DUPLICATE_METHOD_MATCH = YES;
				COPY_PHASE_STRIP = NO;
				DEBUG_INFORMATION_FORMAT = "dwarf-with-dsym";
				ENABLE_NS_ASSERTIONS = NO;
				ENABLE_STRICT_OBJC_MSGSEND = YES;
				GCC_C_LANGUAGE_STANDARD = gnu11;
				GCC_NO_COMMON_BLOCKS = YES;
				GCC_WARN_64_TO_32_BIT_CONVERSION = YES;
				GCC_WARN_ABOUT_RETURN_TYPE = YES_ERROR;
				GCC_WARN_UNDECLARED_SELECTOR = YES;
				GCC_WARN_UNINITIALIZED_AUTOS = YES_AGGRESSIVE;
				GCC_WARN_UNUSED_FUNCTION = YES;
				GCC_WARN_UNUSED_VARIABLE = YES;
				IPHONEOS_DEPLOYMENT_TARGET = 16.4;
				MTL_ENABLE_DEBUG_INFO = NO;
				MTL_FAST_MATH = YES;
				SDKROOT = iphoneos;
				SWIFT_COMPILATION_MODE = wholemodule;
				SWIFT_OPTIMIZATION_LEVEL = "-O";
				VALIDATE_PRODUCT = YES;
			};
			name = Release;
		};
		842FE4122A901056008855B7 /* Debug */ = {
			isa = XCBuildConfiguration;
			buildSettings = {
				ASSETCATALOG_COMPILER_APPICON_NAME = AppIcon;
				ASSETCATALOG_COMPILER_GLOBAL_ACCENT_COLOR_NAME = AccentColor;
				CODE_SIGN_STYLE = Automatic;
				CURRENT_PROJECT_VERSION = 1;
				DEVELOPMENT_ASSET_PATHS = "\"ToDoList/Preview Content\"";
				DEVELOPMENT_TEAM = GBY24S38A3;
				ENABLE_PREVIEWS = YES;
				GENERATE_INFOPLIST_FILE = YES;
				INFOPLIST_KEY_CFBundleDisplayName = "To Do List";
				INFOPLIST_KEY_UIApplicationSceneManifest_Generation = YES;
				INFOPLIST_KEY_UIApplicationSupportsIndirectInputEvents = YES;
				INFOPLIST_KEY_UILaunchScreen_Generation = YES;
				INFOPLIST_KEY_UISupportedInterfaceOrientations = UIInterfaceOrientationPortrait;
				LD_RUNPATH_SEARCH_PATHS = (
					"$(inherited)",
					"@executable_path/Frameworks",
				);
				MARKETING_VERSION = 1.0;
				PRODUCT_BUNDLE_IDENTIFIER = com.shubham.ToDoList;
				PRODUCT_NAME = "$(TARGET_NAME)";
				SWIFT_EMIT_LOC_STRINGS = YES;
				SWIFT_VERSION = 5.0;
				TARGETED_DEVICE_FAMILY = "1,2";
			};
			name = Debug;
		};
		842FE4132A901056008855B7 /* Release */ = {
			isa = XCBuildConfiguration;
			buildSettings = {
				ASSETCATALOG_COMPILER_APPICON_NAME = AppIcon;
				ASSETCATALOG_COMPILER_GLOBAL_ACCENT_COLOR_NAME = AccentColor;
				CODE_SIGN_STYLE = Automatic;
				CURRENT_PROJECT_VERSION = 1;
				DEVELOPMENT_ASSET_PATHS = "\"ToDoList/Preview Content\"";
				DEVELOPMENT_TEAM = GBY24S38A3;
				ENABLE_PREVIEWS = YES;
				GENERATE_INFOPLIST_FILE = YES;
				INFOPLIST_KEY_CFBundleDisplayName = "To Do List";
				INFOPLIST_KEY_UIApplicationSceneManifest_Generation = YES;
				INFOPLIST_KEY_UIApplicationSupportsIndirectInputEvents = YES;
				INFOPLIST_KEY_UILaunchScreen_Generation = YES;
				INFOPLIST_KEY_UISupportedInterfaceOrientations = UIInterfaceOrientationPortrait;
				LD_RUNPATH_SEARCH_PATHS = (
					"$(inherited)",
					"@executable_path/Frameworks",
				);
				MARKETING_VERSION = 1.0;
				PRODUCT_BUNDLE_IDENTIFIER = com.shubham.ToDoList;
				PRODUCT_NAME = "$(TARGET_NAME)";
				SWIFT_EMIT_LOC_STRINGS = YES;
				SWIFT_VERSION = 5.0;
				TARGETED_DEVICE_FAMILY = "1,2";
			};
			name = Release;
		};
/* End XCBuildConfiguration section */

/* Begin XCConfigurationList section */
		842FE3FE2A901054008855B7 /* Build configuration list for PBXProject "ToDoList" */ = {
			isa = XCConfigurationList;
			buildConfigurations = (
				842FE40F2A901056008855B7 /* Debug */,
				842FE4102A901056008855B7 /* Release */,
			);
			defaultConfigurationIsVisible = 0;
			defaultConfigurationName = Release;
		};
		842FE4112A901056008855B7 /* Build configuration list for PBXNativeTarget "ToDoList" */ = {
			isa = XCConfigurationList;
			buildConfigurations = (
				842FE4122A901056008855B7 /* Debug */,
				842FE4132A901056008855B7 /* Release */,
			);
			defaultConfigurationIsVisible = 0;
			defaultConfigurationName = Release;
		};
/* End XCConfigurationList section */

/* Begin XCRemoteSwiftPackageReference section */
		842FE4182A9016B0008855B7 /* XCRemoteSwiftPackageReference "firebase-ios-sdk" */ = {
			isa = XCRemoteSwiftPackageReference;
			repositoryURL = "https://github.com/firebase/firebase-ios-sdk";
			requirement = {
				kind = upToNextMajorVersion;
				minimumVersion = 10.0.0;
			};
		};
/* End XCRemoteSwiftPackageReference section */

/* Begin XCSwiftPackageProductDependency section */
		84407CD12A9B23D60012B7FB /* FirebaseAuth */ = {
			isa = XCSwiftPackageProductDependency;
			package = 842FE4182A9016B0008855B7 /* XCRemoteSwiftPackageReference "firebase-ios-sdk" */;
			productName = FirebaseAuth;
		};
		84407CD32A9B23F30012B7FB /* FirebaseAuth */ = {
			isa = XCSwiftPackageProductDependency;
			package = 842FE4182A9016B0008855B7 /* XCRemoteSwiftPackageReference "firebase-ios-sdk" */;
			productName = FirebaseAuth;
		};
		84A5DF752A924F3B00547BD5 /* FirebaseFirestore */ = {
			isa = XCSwiftPackageProductDependency;
			package = 842FE4182A9016B0008855B7 /* XCRemoteSwiftPackageReference "firebase-ios-sdk" */;
			productName = FirebaseFirestore;
		};
		84A5DF772A924F3B00547BD5 /* FirebaseFirestoreCombine-Community */ = {
			isa = XCSwiftPackageProductDependency;
			package = 842FE4182A9016B0008855B7 /* XCRemoteSwiftPackageReference "firebase-ios-sdk" */;
			productName = "FirebaseFirestoreCombine-Community";
		};
		84A5DF792A924F3B00547BD5 /* FirebaseFirestoreSwift */ = {
			isa = XCSwiftPackageProductDependency;
			package = 842FE4182A9016B0008855B7 /* XCRemoteSwiftPackageReference "firebase-ios-sdk" */;
			productName = FirebaseFirestoreSwift;
		};
/* End XCSwiftPackageProductDependency section */
	};
	rootObject = 842FE3FB2A901054008855B7 /* Project object */;
}
